
Microsoft Visual Studio Solution File, Format Version 12.00
# Visual Studio Version 16
VisualStudioVersion = 16.0.29306.81
MinimumVisualStudioVersion = 10.0.40219.1
Project("{FAE04EC0-301F-11D3-BF4B-00C04F79EFBC}") = "BUGRAA Utilities", "BUGRAA Utilities.csproj", "{F24347E0-9569-45E7-85F7-9A7197DA375E}"
EndProject
Global
	GlobalSection(SolutionConfigurationPlatforms) = preSolution
		Debug|Any CPU = Debug|Any CPU
		Release|Any CPU = Release|Any CPU
	EndGlobalSection
	GlobalSection(ProjectConfigurationPlatforms) = postSolution
		{F24347E0-9569-45E7-85F7-9A7197DA375E}.Debug|Any CPU.ActiveCfg = Debug|Any CPU
		{F24347E0-9569-45E7-85F7-9A7197DA375E}.Debug|Any CPU.Build.0 = Debug|Any CPU
		{F24347E0-9569-45E7-85F7-9A7197DA375E}.Release|Any CPU.ActiveCfg = Release|Any CPU
		{F24347E0-9569-45E7-85F7-9A7197DA375E}.Release|Any CPU.Build.0 = Release|Any CPU
	EndGlobalSection
	GlobalSection(SolutionProperties) = preSolution
		HideSolutionNode = FALSE
	EndGlobalSection
	GlobalSection(ExtensibilityGlobals) = postSolution
		SolutionGuid = {A9B30AF7-9A70-41CD-9A82-65D90826E80F}
	EndGlobalSection
EndGlobal
